
Microsoft Visual Studio Solution File, Format Version 12.00
# Visual Studio Version 17
VisualStudioVersion = 17.13.35919.96 d17.13
MinimumVisualStudioVersion = 10.0.40219.1
Project("{FAE04EC0-301F-11D3-BF4B-00C04F79EFBC}") = "MusicStore.Web", "Music Store Application\MusicStore.Web.csproj", "{CC35F072-A2F2-4B11-9F8B-A057FD697425}"
EndProject
Project("{FAE04EC0-301F-11D3-BF4B-00C04F79EFBC}") = "MusicStore.Domain", "MusicStore.Domain\MusicStore.Domain.csproj", "{9297BEE1-AE68-4600-8963-4B04D15DA22A}"
EndProject
Project("{FAE04EC0-301F-11D3-BF4B-00C04F79EFBC}") = "MusicStore.Repository", "MusicStore.Repository\MusicStore.Repository.csproj", "{6E0A97D1-BF96-40B4-BC65-A4244865667C}"
EndProject
Project("{FAE04EC0-301F-11D3-BF4B-00C04F79EFBC}") = "MusicStore.Service", "MusicStore.Service\MusicStore.Service.csproj", "{C0E37570-8AB7-40B9-8B51-90D308FAE6CD}"
EndProject
Global
	GlobalSection(SolutionConfigurationPlatforms) = preSolution
		Debug|Any CPU = Debug|Any CPU
		Release|Any CPU = Release|Any CPU
	EndGlobalSection
	GlobalSection(ProjectConfigurationPlatforms) = postSolution
		{CC35F072-A2F2-4B11-9F8B-A057FD697425}.Debug|Any CPU.ActiveCfg = Debug|Any CPU
		{CC35F072-A2F2-4B11-9F8B-A057FD697425}.Debug|Any CPU.Build.0 = Debug|Any CPU
		{CC35F072-A2F2-4B11-9F8B-A057FD697425}.Release|Any CPU.ActiveCfg = Release|Any CPU
		{CC35F072-A2F2-4B11-9F8B-A057FD697425}.Release|Any CPU.Build.0 = Release|Any CPU
		{9297BEE1-AE68-4600-8963-4B04D15DA22A}.Debug|Any CPU.ActiveCfg = Debug|Any CPU
		{9297BEE1-AE68-4600-8963-4B04D15DA22A}.Debug|Any CPU.Build.0 = Debug|Any CPU
		{9297BEE1-AE68-4600-8963-4B04D15DA22A}.Release|Any CPU.ActiveCfg = Release|Any CPU
		{9297BEE1-AE68-4600-8963-4B04D15DA22A}.Release|Any CPU.Build.0 = Release|Any CPU
		{6E0A97D1-BF96-40B4-BC65-A4244865667C}.Debug|Any CPU.ActiveCfg = Debug|Any CPU
		{6E0A97D1-BF96-40B4-BC65-A4244865667C}.Debug|Any CPU.Build.0 = Debug|Any CPU
		{6E0A97D1-BF96-40B4-BC65-A4244865667C}.Release|Any CPU.ActiveCfg = Release|Any CPU
		{6E0A97D1-BF96-40B4-BC65-A4244865667C}.Release|Any CPU.Build.0 = Release|Any CPU
		{C0E37570-8AB7-40B9-8B51-90D308FAE6CD}.Debug|Any CPU.ActiveCfg = Debug|Any CPU
		{C0E37570-8AB7-40B9-8B51-90D308FAE6CD}.Debug|Any CPU.Build.0 = Debug|Any CPU
		{C0E37570-8AB7-40B9-8B51-90D308FAE6CD}.Release|Any CPU.ActiveCfg = Release|Any CPU
		{C0E37570-8AB7-40B9-8B51-90D308FAE6CD}.Release|Any CPU.Build.0 = Release|Any CPU
	EndGlobalSection
	GlobalSection(SolutionProperties) = preSolution
		HideSolutionNode = FALSE
	EndGlobalSection
	GlobalSection(ExtensibilityGlobals) = postSolution
		SolutionGuid = {B5133990-2E53-4580-9118-63DB16C61DAB}
	EndGlobalSection
EndGlobal
